
Microsoft Visual Studio Solution File, Format Version 12.00
# Visual Studio Version 17
VisualStudioVersion = 17.1.32228.430
MinimumVisualStudioVersion = 10.0.40219.1
Project("{9A19103F-16F7-4668-BE54-9A1E7A4F7556}") = "ConsoleAppFP", "ConsoleAppFP.csproj", "{98E722CA-1EB4-401C-8A57-0256C8AFBFA0}"
EndProject
Project("{9A19103F-16F7-4668-BE54-9A1E7A4F7556}") = "SlowJams.Functional", "..\SlowJams.Functional\SlowJams.Functional.csproj", "{F2AFE80E-001C-4F50-8EC8-41C3C8891E95}"
EndProject
Project("{FAE04EC0-301F-11D3-BF4B-00C04F79EFBC}") = "BOC", "..\BOC\BOC.csproj", "{3126AD71-4A78-422A-9677-787158038844}"
EndProject
Global
	GlobalSection(SolutionConfigurationPlatforms) = preSolution
		Debug|Any CPU = Debug|Any CPU
		Release|Any CPU = Release|Any CPU
	EndGlobalSection
	GlobalSection(ProjectConfigurationPlatforms) = postSolution
		{98E722CA-1EB4-401C-8A57-0256C8AFBFA0}.Debug|Any CPU.ActiveCfg = Debug|Any CPU
		{98E722CA-1EB4-401C-8A57-0256C8AFBFA0}.Debug|Any CPU.Build.0 = Debug|Any CPU
		{98E722CA-1EB4-401C-8A57-0256C8AFBFA0}.Release|Any CPU.ActiveCfg = Release|Any CPU
		{98E722CA-1EB4-401C-8A57-0256C8AFBFA0}.Release|Any CPU.Build.0 = Release|Any CPU
		{F2AFE80E-001C-4F50-8EC8-41C3C8891E95}.Debug|Any CPU.ActiveCfg = Debug|Any CPU
		{F2AFE80E-001C-4F50-8EC8-41C3C8891E95}.Debug|Any CPU.Build.0 = Debug|Any CPU
		{F2AFE80E-001C-4F50-8EC8-41C3C8891E95}.Release|Any CPU.ActiveCfg = Release|Any CPU
		{F2AFE80E-001C-4F50-8EC8-41C3C8891E95}.Release|Any CPU.Build.0 = Release|Any CPU
		{3126AD71-4A78-422A-9677-787158038844}.Debug|Any CPU.ActiveCfg = Debug|Any CPU
		{3126AD71-4A78-422A-9677-787158038844}.Debug|Any CPU.Build.0 = Debug|Any CPU
		{3126AD71-4A78-422A-9677-787158038844}.Release|Any CPU.ActiveCfg = Release|Any CPU
		{3126AD71-4A78-422A-9677-787158038844}.Release|Any CPU.Build.0 = Release|Any CPU
	EndGlobalSection
	GlobalSection(SolutionProperties) = preSolution
		HideSolutionNode = FALSE
	EndGlobalSection
	GlobalSection(ExtensibilityGlobals) = postSolution
		SolutionGuid = {9E88AC32-9E52-403F-8AA4-4B64E0E23F5D}
	EndGlobalSection
EndGlobal
